// !$*UTF8*$!
{
	archiveVersion = 1;
	classes = {
	};
	objectVersion = 77;
	objects = {

/* Begin PBXBuildFile section */
		9D65C43E3012BA7600D56768 /* Sentry in Frameworks */ = {isa = PBXBuildFile; productRef = 9D65C43D3012BA7600D56768 /* Sentry */; };
		9DEA06A42FFD72C400AB854B /* ClerkKit in Frameworks */ = {isa = PBXBuildFile; productRef = 9DEA06A32FFD72C400AB854B /* ClerkKit */; };
		9DEA06A62FFD72C400AB854B /* ClerkKitUI in Frameworks */ = {isa = PBXBuildFile; productRef = 9DEA06A52FFD72C400AB854B /* ClerkKitUI */; };
/* End PBXBuildFile section */

/* Begin PBXContainerItemProxy section */
		9DEA06682FFD70EA00AB854B /* PBXContainerItemProxy */ = {
			isa = PBXContainerItemProxy;
			containerPortal = 9DEA06522FFD70E900AB854B /* Project object */;
			proxyType = 1;
			remoteGlobalIDString = 9DEA06592FFD70E900AB854B;
			remoteInfo = Subshot;
		};
		9DEA06722FFD70EA00AB854B /* PBXContainerItemProxy */ = {
			isa = PBXContainerItemProxy;
			containerPortal = 9DEA06522FFD70E900AB854B /* Project object */;
			proxyType = 1;
			remoteGlobalIDString = 9DEA06592FFD70E900AB854B;
			remoteInfo = Subshot;
		};
/* End PBXContainerItemProxy section */

/* Begin PBXFileReference section */
		9D3D27472FFF7B820006AD05 /* MemberAvatar.swift */ = {isa = PBXFileReference; lastKnownFileType = sourcecode.swift; path = MemberAvatar.swift; sourceTree = "<group>"; };
		9D3D27492FFFAAB00006AD05 /* NotionImportSheet.swift */ = {isa = PBXFileReference; lastKnownFileType = sourcecode.swift; path = NotionImportSheet.swift; sourceTree = "<group>"; };
		9D65C43F3012BAD000D56768 /* AppLanguage.swift */ = {isa = PBXFileReference; lastKnownFileType = sourcecode.swift; path = AppLanguage.swift; sourceTree = "<group>"; };
		9D65C4413012BD5000D56768 /* AppLanguageStrings+Ideas.swift */ = {isa = PBXFileReference; lastKnownFileType = sourcecode.swift; path = "AppLanguageStrings+Ideas.swift"; sourceTree = "<group>"; };
		9D65C4423012BD5000D56768 /* AppLanguageStrings+ProjectCore.swift */ = {isa = PBXFileReference; lastKnownFileType = sourcecode.swift; path = "AppLanguageStrings+ProjectCore.swift"; sourceTree = "<group>"; };
		9D65C4433012BD5000D56768 /* AppLanguageStrings+Support.swift */ = {isa = PBXFileReference; lastKnownFileType = sourcecode.swift; path = "AppLanguageStrings+Support.swift"; sourceTree = "<group>"; };
		9D65C4473012BD8700D56768 /* AsyncIdeaVideoThumbnail.swift */ = {isa = PBXFileReference; lastKnownFileType = sourcecode.swift; path = AsyncIdeaVideoThumbnail.swift; sourceTree = "<group>"; };
		9D65C44B3012BE6400D56768 /* IdeaMediaSourceButton.swift */ = {isa = PBXFileReference; lastKnownFileType = sourcecode.swift; path = IdeaMediaSourceButton.swift; sourceTree = "<group>"; };
		9D65C44D3012BE6D00D56768 /* MediaKind.swift */ = {isa = PBXFileReference; lastKnownFileType = sourcecode.swift; path = MediaKind.swift; sourceTree = "<group>"; };
		9D65C44F3012BE8300D56768 /* IdeaSlashTextEditor.swift */ = {isa = PBXFileReference; lastKnownFileType = sourcecode.swift; path = IdeaSlashTextEditor.swift; sourceTree = "<group>"; };
		9D65C4513012C01B00D56768 /* AvatarMenu.swift */ = {isa = PBXFileReference; lastKnownFileType = sourcecode.swift; path = AvatarMenu.swift; sourceTree = "<group>"; };
		9D87520A30018782003018A7 /* EmojiPickerField.swift */ = {isa = PBXFileReference; lastKnownFileType = sourcecode.swift; path = EmojiPickerField.swift; sourceTree = "<group>"; };
		9D87520C300187BD003018A7 /* ShareLinkSheet.swift */ = {isa = PBXFileReference; lastKnownFileType = sourcecode.swift; path = ShareLinkSheet.swift; sourceTree = "<group>"; };
		9DB09AD33023D940008FD00A /* emojiData.json */ = {isa = PBXFileReference; lastKnownFileType = text.json; name = emojiData.json; path = "/Users/linohaltinner/Documents/GitHub/subshot-ios/Subshot/Resources/emojiData.json"; sourceTree = "<absolute>"; };
		9DB09AD53023D9B4008FD00A /* NotificationSettingsView.swift */ = {isa = PBXFileReference; lastKnownFileType = sourcecode.swift; path = NotificationSettingsView.swift; sourceTree = "<group>"; };
		9DB09AD73023D9DE008FD00A /* SceneAIImageSheet.swift */ = {isa = PBXFileReference; lastKnownFileType = sourcecode.swift; path = SceneAIImageSheet.swift; sourceTree = "<group>"; };
		9DBDC751300E965D00D81136 /* IdeaGridView.swift */ = {isa = PBXFileReference; lastKnownFileType = sourcecode.swift; path = IdeaGridView.swift; sourceTree = "<group>"; };
		9DBDC753300E966300D81136 /* PostproductionListView.swift */ = {isa = PBXFileReference; lastKnownFileType = sourcecode.swift; path = PostproductionListView.swift; sourceTree = "<group>"; };
		9DBDC755300E967600D81136 /* VideoPanelView.swift */ = {isa = PBXFileReference; lastKnownFileType = sourcecode.swift; path = VideoPanelView.swift; sourceTree = "<group>"; };
		9DBDC757300E968C00D81136 /* IdeaEditSheet.swift */ = {isa = PBXFileReference; lastKnownFileType = sourcecode.swift; path = IdeaEditSheet.swift; sourceTree = "<group>"; };
		9DBDC759300E969B00D81136 /* IdeaFeedbackSheet.swift */ = {isa = PBXFileReference; lastKnownFileType = sourcecode.swift; path = IdeaFeedbackSheet.swift; sourceTree = "<group>"; };
		9DBDC75B300E96B300D81136 /* VideoPlayerSheet.swift */ = {isa = PBXFileReference; lastKnownFileType = sourcecode.swift; path = VideoPlayerSheet.swift; sourceTree = "<group>"; };
		9DEA065A2FFD70E900AB854B /* Subshot.app */ = {isa = PBXFileReference; explicitFileType = wrapper.application; includeInIndex = 0; path = Subshot.app; sourceTree = BUILT_PRODUCTS_DIR; };
		9DEA06672FFD70EA00AB854B /* SubshotTests.xctest */ = {isa = PBXFileReference; explicitFileType = wrapper.cfbundle; includeInIndex = 0; path = SubshotTests.xctest; sourceTree = BUILT_PRODUCTS_DIR; };
		9DEA06712FFD70EA00AB854B /* SubshotUITests.xctest */ = {isa = PBXFileReference; explicitFileType = wrapper.cfbundle; includeInIndex = 0; path = SubshotUITests.xctest; sourceTree = BUILT_PRODUCTS_DIR; };
		9DEA06C52FFD7B3400AB854B /* Models.swift */ = {isa = PBXFileReference; lastKnownFileType = sourcecode.swift; path = Models.swift; sourceTree = "<group>"; };
		9DEA06C72FFD7B3400AB854B /* APIClient.swift */ = {isa = PBXFileReference; lastKnownFileType = sourcecode.swift; path = APIClient.swift; sourceTree = "<group>"; };
		9DEA06C82FFD7B3400AB854B /* ClerkAuth.swift */ = {isa = PBXFileReference; lastKnownFileType = sourcecode.swift; path = ClerkAuth.swift; sourceTree = "<group>"; };
		9DEA06CA2FFD7B3400AB854B /* SubshotApp.swift */ = {isa = PBXFileReference; lastKnownFileType = sourcecode.swift; name = SubshotApp.swift; path = "/Users/linohaltinner/Documents/GitHub/subshot-ios/Subshot/SubshotApp.swift"; sourceTree = "<absolute>"; };
		9DEA06CB2FFD7B3400AB854B /* ProjectListViewModel.swift */ = {isa = PBXFileReference; lastKnownFileType = sourcecode.swift; path = ProjectListViewModel.swift; sourceTree = "<group>"; };
		9DEA06CC2FFD7B3400AB854B /* ShotListViewModel.swift */ = {isa = PBXFileReference; lastKnownFileType = sourcecode.swift; path = ShotListViewModel.swift; sourceTree = "<group>"; };
		9DEA06CE2FFD7B3400AB854B /* AsyncShotThumbnail.swift */ = {isa = PBXFileReference; lastKnownFileType = sourcecode.swift; path = AsyncShotThumbnail.swift; sourceTree = "<group>"; };
		9DEA06CF2FFD7B3400AB854B /* ColorHex.swift */ = {isa = PBXFileReference; lastKnownFileType = sourcecode.swift; path = ColorHex.swift; sourceTree = "<group>"; };
		9DEA06D02FFD7B3400AB854B /* LoginView.swift */ = {isa = PBXFileReference; lastKnownFileType = sourcecode.swift; path = LoginView.swift; sourceTree = "<group>"; };
		9DEA06D12FFD7B3400AB854B /* ProjectListView.swift */ = {isa = PBXFileReference; lastKnownFileType = sourcecode.swift; path = ProjectListView.swift; sourceTree = "<group>"; };
		9DEA06D22FFD7B3400AB854B /* ShotDetailSheet.swift */ = {isa = PBXFileReference; lastKnownFileType = sourcecode.swift; path = ShotDetailSheet.swift; sourceTree = "<group>"; };
		9DEA06D32FFD7B3400AB854B /* ShotListView.swift */ = {isa = PBXFileReference; lastKnownFileType = sourcecode.swift; path = ShotListView.swift; sourceTree = "<group>"; };
		9DEA06D42FFD7B3400AB854B /* TeamSheet.swift */ = {isa = PBXFileReference; lastKnownFileType = sourcecode.swift; path = TeamSheet.swift; sourceTree = "<group>"; };
		9DEA06E32FFE2F7E00AB854B /* ProjectEditSheet.swift */ = {isa = PBXFileReference; lastKnownFileType = sourcecode.swift; path = ProjectEditSheet.swift; sourceTree = "<group>"; };
		9DEA06E42FFE2F7E00AB854B /* SceneEditSheet.swift */ = {isa = PBXFileReference; lastKnownFileType = sourcecode.swift; path = SceneEditSheet.swift; sourceTree = "<group>"; };
		9DEA06E72FFE445000AB854B /* LocationSearch.swift */ = {isa = PBXFileReference; lastKnownFileType = sourcecode.swift; path = LocationSearch.swift; sourceTree = "<group>"; };
		9DEA06E92FFE446600AB854B /* ProjectInfoBox.swift */ = {isa = PBXFileReference; lastKnownFileType = sourcecode.swift; path = ProjectInfoBox.swift; sourceTree = "<group>"; };
		9DEA06EB2FFEE68B00AB854B /* SectionEditSheet.swift */ = {isa = PBXFileReference; lastKnownFileType = sourcecode.swift; path = SectionEditSheet.swift; sourceTree = "<group>"; };
		9DEA06ED2FFEE69500AB854B /* SceneMapThumbnail.swift */ = {isa = PBXFileReference; lastKnownFileType = sourcecode.swift; path = SceneMapThumbnail.swift; sourceTree = "<group>"; };
		9DEA06EF2FFEE76800AB854B /* NotificationsSheet.swift */ = {isa = PBXFileReference; lastKnownFileType = sourcecode.swift; path = NotificationsSheet.swift; sourceTree = "<group>"; };
		9DEA06F12FFEFB0B00AB854B /* ImageSourceButton.swift */ = {isa = PBXFileReference; lastKnownFileType = sourcecode.swift; path = ImageSourceButton.swift; sourceTree = "<group>"; };
		9DEA06F32FFF050400AB854B /* FolderEditSheet.swift */ = {isa = PBXFileReference; lastKnownFileType = sourcecode.swift; path = FolderEditSheet.swift; sourceTree = "<group>"; };
/* End PBXFileReference section */

/* Begin PBXFileSystemSynchronizedBuildFileExceptionSet section */
		9D6203C83017DC780016B5BB /* Exceptions for "Subshot" folder in "Subshot" target */ = {
			isa = PBXFileSystemSynchronizedBuildFileExceptionSet;
			membershipExceptions = (
			);
			target = 9DEA06592FFD70E900AB854B /* Subshot */;
		};
/* End PBXFileSystemSynchronizedBuildFileExceptionSet section */

/* Begin PBXFileSystemSynchronizedRootGroup section */
		9DEA065C2FFD70E900AB854B /* Subshot */ = {
			isa = PBXFileSystemSynchronizedRootGroup;
			exceptions = (
				9D6203C83017DC780016B5BB /* Exceptions for "Subshot" folder in "Subshot" target */,
			);
			path = Subshot;
			sourceTree = "<group>";
		};
		9DEA066A2FFD70EA00AB854B /* SubshotTests */ = {
			isa = PBXFileSystemSynchronizedRootGroup;
			exceptions = (
			);
			path = SubshotTests;
			sourceTree = "<group>";
		};
		9DEA06742FFD70EA00AB854B /* SubshotUITests */ = {
			isa = PBXFileSystemSynchronizedRootGroup;
			exceptions = (
			);
			path = SubshotUITests;
			sourceTree = "<group>";
		};
/* End PBXFileSystemSynchronizedRootGroup section */

/* Begin PBXFrameworksBuildPhase section */
		9DEA06572FFD70E900AB854B /* Frameworks */ = {
			isa = PBXFrameworksBuildPhase;
			buildActionMask = 2147483647;
			files = (
				9DEA06A42FFD72C400AB854B /* ClerkKit in Frameworks */,
				9DEA06A62FFD72C400AB854B /* ClerkKitUI in Frameworks */,
				9D65C43E3012BA7600D56768 /* Sentry in Frameworks */,
			);
			runOnlyForDeploymentPostprocessing = 0;
		};
		9DEA06642FFD70EA00AB854B /* Frameworks */ = {
			isa = PBXFrameworksBuildPhase;
			buildActionMask = 2147483647;
			files = (
			);
			runOnlyForDeploymentPostprocessing = 0;
		};
		9DEA066E2FFD70EA00AB854B /* Frameworks */ = {
			isa = PBXFrameworksBuildPhase;
			buildActionMask = 2147483647;
			files = (
			);
			runOnlyForDeploymentPostprocessing = 0;
		};
/* End PBXFrameworksBuildPhase section */

/* Begin PBXGroup section */
		9D65C43C3012BA5500D56768 /* Frameworks */ = {
			isa = PBXGroup;
			children = (
			);
			name = Frameworks;
			sourceTree = "<group>";
		};
		9DEA06512FFD70E900AB854B = {
			isa = PBXGroup;
			children = (
				9DEA065C2FFD70E900AB854B /* Subshot */,
				9DEA066A2FFD70EA00AB854B /* SubshotTests */,
				9DEA06742FFD70EA00AB854B /* SubshotUITests */,
				9DEA065B2FFD70E900AB854B /* Products */,
				9DEA06C62FFD7B3400AB854B /* Models */,
				9DEA06C92FFD7B3400AB854B /* Services */,
				9DEA06CA2FFD7B3400AB854B /* SubshotApp.swift */,
				9DEA06CD2FFD7B3400AB854B /* ViewModels */,
				9DEA06D52FFD7B3400AB854B /* Views */,
				9D65C43C3012BA5500D56768 /* Frameworks */,
			);
			sourceTree = "<group>";
		};
		9DEA065B2FFD70E900AB854B /* Products */ = {
			isa = PBXGroup;
			children = (
				9DEA065A2FFD70E900AB854B /* Subshot.app */,
				9DEA06672FFD70EA00AB854B /* SubshotTests.xctest */,
				9DEA06712FFD70EA00AB854B /* SubshotUITests.xctest */,
			);
			name = Products;
			sourceTree = "<group>";
		};
		9DEA06C62FFD7B3400AB854B /* Models */ = {
			isa = PBXGroup;
			children = (
				9DEA06C52FFD7B3400AB854B /* Models.swift */,
			);
			name = Models;
			path = "/Users/linohaltinner/Documents/GitHub/subshot-ios/Subshot/Models";
			sourceTree = "<absolute>";
		};
		9DEA06C92FFD7B3400AB854B /* Services */ = {
			isa = PBXGroup;
			children = (
				9DEA06C72FFD7B3400AB854B /* APIClient.swift */,
				9DEA06C82FFD7B3400AB854B /* ClerkAuth.swift */,
				9DEA06E72FFE445000AB854B /* LocationSearch.swift */,
				9D65C43F3012BAD000D56768 /* AppLanguage.swift */,
				9D65C4413012BD5000D56768 /* AppLanguageStrings+Ideas.swift */,
				9D65C4423012BD5000D56768 /* AppLanguageStrings+ProjectCore.swift */,
				9D65C4433012BD5000D56768 /* AppLanguageStrings+Support.swift */,
				9DB09AD33023D940008FD00A /* emojiData.json */,
			);
			name = Services;
			path = "/Users/linohaltinner/Documents/GitHub/subshot-ios/Subshot/Services";
			sourceTree = "<absolute>";
		};
		9DEA06CD2FFD7B3400AB854B /* ViewModels */ = {
			isa = PBXGroup;
			children = (
				9DEA06CB2FFD7B3400AB854B /* ProjectListViewModel.swift */,
				9DEA06CC2FFD7B3400AB854B /* ShotListViewModel.swift */,
			);
			name = ViewModels;
			path = "/Users/linohaltinner/Documents/GitHub/subshot-ios/Subshot/ViewModels";
			sourceTree = "<absolute>";
		};
		9DEA06D52FFD7B3400AB854B /* Views */ = {
			isa = PBXGroup;
			children = (
				9DEA06E32FFE2F7E00AB854B /* ProjectEditSheet.swift */,
				9DEA06E42FFE2F7E00AB854B /* SceneEditSheet.swift */,
				9DEA06CE2FFD7B3400AB854B /* AsyncShotThumbnail.swift */,
				9DEA06CF2FFD7B3400AB854B /* ColorHex.swift */,
				9DEA06D02FFD7B3400AB854B /* LoginView.swift */,
				9DEA06D12FFD7B3400AB854B /* ProjectListView.swift */,
				9DEA06D22FFD7B3400AB854B /* ShotDetailSheet.swift */,
				9DEA06D32FFD7B3400AB854B /* ShotListView.swift */,
				9DEA06D42FFD7B3400AB854B /* TeamSheet.swift */,
				9DEA06E92FFE446600AB854B /* ProjectInfoBox.swift */,
				9DEA06EB2FFEE68B00AB854B /* SectionEditSheet.swift */,
				9DEA06ED2FFEE69500AB854B /* SceneMapThumbnail.swift */,
				9DEA06EF2FFEE76800AB854B /* NotificationsSheet.swift */,
				9DEA06F12FFEFB0B00AB854B /* ImageSourceButton.swift */,
				9DEA06F32FFF050400AB854B /* FolderEditSheet.swift */,
				9D3D27472FFF7B820006AD05 /* MemberAvatar.swift */,
				9D3D27492FFFAAB00006AD05 /* NotionImportSheet.swift */,
				9D87520A30018782003018A7 /* EmojiPickerField.swift */,
				9D87520C300187BD003018A7 /* ShareLinkSheet.swift */,
				9DBDC751300E965D00D81136 /* IdeaGridView.swift */,
				9DBDC753300E966300D81136 /* PostproductionListView.swift */,
				9DBDC755300E967600D81136 /* VideoPanelView.swift */,
				9DBDC757300E968C00D81136 /* IdeaEditSheet.swift */,
				9DBDC759300E969B00D81136 /* IdeaFeedbackSheet.swift */,
				9DBDC75B300E96B300D81136 /* VideoPlayerSheet.swift */,
				9D65C4473012BD8700D56768 /* AsyncIdeaVideoThumbnail.swift */,
				9D65C44B3012BE6400D56768 /* IdeaMediaSourceButton.swift */,
				9D65C44D3012BE6D00D56768 /* MediaKind.swift */,
				9D65C44F3012BE8300D56768 /* IdeaSlashTextEditor.swift */,
				9D65C4513012C01B00D56768 /* AvatarMenu.swift */,
				9DB09AD53023D9B4008FD00A /* NotificationSettingsView.swift */,
				9DB09AD73023D9DE008FD00A /* SceneAIImageSheet.swift */,
			);
			name = Views;
			path = "/Users/linohaltinner/Documents/GitHub/subshot-ios/Subshot/Views";
			sourceTree = "<absolute>";
		};
/* End PBXGroup section */

/* Begin PBXNativeTarget section */
		9DEA06592FFD70E900AB854B /* Subshot */ = {
			isa = PBXNativeTarget;
			buildConfigurationList = 9DEA067B2FFD70EA00AB854B /* Build configuration list for PBXNativeTarget "Subshot" */;
			buildPhases = (
				9DEA06562FFD70E900AB854B /* Sources */,
				9DEA06572FFD70E900AB854B /* Frameworks */,
				9DEA06582FFD70E900AB854B /* Resources */,
			);
			buildRules = (
			);
			dependencies = (
			);
			fileSystemSynchronizedGroups = (
				9DEA065C2FFD70E900AB854B /* Subshot */,
			);
			name = Subshot;
			packageProductDependencies = (
				9DEA06A32FFD72C400AB854B /* ClerkKit */,
				9DEA06A52FFD72C400AB854B /* ClerkKitUI */,
				9D65C43D3012BA7600D56768 /* Sentry */,
			);
			productName = Subshot;
			productReference = 9DEA065A2FFD70E900AB854B /* Subshot.app */;
			productType = "com.apple.product-type.application";
		};
		9DEA06662FFD70EA00AB854B /* SubshotTests */ = {
			isa = PBXNativeTarget;
			buildConfigurationList = 9DEA067E2FFD70EA00AB854B /* Build configuration list for PBXNativeTarget "SubshotTests" */;
			buildPhases = (
				9DEA06632FFD70EA00AB854B /* Sources */,
				9DEA06642FFD70EA00AB854B /* Frameworks */,
				9DEA06652FFD70EA00AB854B /* Resources */,
			);
			buildRules = (
			);
			dependencies = (
				9DEA06692FFD70EA00AB854B /* PBXTargetDependency */,
			);
			fileSystemSynchronizedGroups = (
				9DEA066A2FFD70EA00AB854B /* SubshotTests */,
			);
			name = SubshotTests;
			productName = SubshotTests;
			productReference = 9DEA06672FFD70EA00AB854B /* SubshotTests.xctest */;
			productType = "com.apple.product-type.bundle.unit-test";
		};
		9DEA06702FFD70EA00AB854B /* SubshotUITests */ = {
			isa = PBXNativeTarget;
			buildConfigurationList = 9DEA06812FFD70EA00AB854B /* Build configuration list for PBXNativeTarget "SubshotUITests" */;
			buildPhases = (
				9DEA066D2FFD70EA00AB854B /* Sources */,
				9DEA066E2FFD70EA00AB854B /* Frameworks */,
				9DEA066F2FFD70EA00AB854B /* Resources */,
			);
			buildRules = (
			);
			dependencies = (
				9DEA06732FFD70EA00AB854B /* PBXTargetDependency */,
			);
			fileSystemSynchronizedGroups = (
				9DEA06742FFD70EA00AB854B /* SubshotUITests */,
			);
			name = SubshotUITests;
			productName = SubshotUITests;
			productReference = 9DEA06712FFD70EA00AB854B /* SubshotUITests.xctest */;
			productType = "com.apple.product-type.bundle.ui-testing";
		};
/* End PBXNativeTarget section */

/* Begin PBXProject section */
		9DEA06522FFD70E900AB854B /* Project object */ = {
			isa = PBXProject;
			attributes = {
				BuildIndependentTargetsInParallel = 1;
				LastSwiftUpdateCheck = 2660;
				LastUpgradeCheck = 2660;
				TargetAttributes = {
					9DEA06592FFD70E900AB854B = {
						CreatedOnToolsVersion = 26.6;
					};
					9DEA06662FFD70EA00AB854B = {
						CreatedOnToolsVersion = 26.6;
						TestTargetID = 9DEA06592FFD70E900AB854B;
					};
					9DEA06702FFD70EA00AB854B = {
						CreatedOnToolsVersion = 26.6;
						TestTargetID = 9DEA06592FFD70E900AB854B;
					};
				};
			};
			buildConfigurationList = 9DEA06552FFD70E900AB854B /* Build configuration list for PBXProject "Subshot" */;
			developmentRegion = en;
			hasScannedForEncodings = 0;
			knownRegions = (
				en,
				Base,
			);
			mainGroup = 9DEA06512FFD70E900AB854B;
			minimizedProjectReferenceProxies = 1;
			packageReferences = (
				9DEA06A22FFD72C400AB854B /* XCRemoteSwiftPackageReference "clerk-ios" */,
				9D65C43B3012B97900D56768 /* XCRemoteSwiftPackageReference "sentry-cocoa" */,
			);
			preferredProjectObjectVersion = 77;
			productRefGroup = 9DEA065B2FFD70E900AB854B /* Products */;
			projectDirPath = "";
			projectRoot = "";
			targets = (
				9DEA06592FFD70E900AB854B /* Subshot */,
				9DEA06662FFD70EA00AB854B /* SubshotTests */,
				9DEA06702FFD70EA00AB854B /* SubshotUITests */,
			);
		};
/* End PBXProject section */

/* Begin PBXResourcesBuildPhase section */
		9DEA06582FFD70E900AB854B /* Resources */ = {
			isa = PBXResourcesBuildPhase;
			buildActionMask = 2147483647;
			files = (
			);
			runOnlyForDeploymentPostprocessing = 0;
		};
		9DEA06652FFD70EA00AB854B /* Resources */ = {
			isa = PBXResourcesBuildPhase;
			buildActionMask = 2147483647;
			files = (
			);
			runOnlyForDeploymentPostprocessing = 0;
		};
		9DEA066F2FFD70EA00AB854B /* Resources */ = {
			isa = PBXResourcesBuildPhase;
			buildActionMask = 2147483647;
			files = (
			);
			runOnlyForDeploymentPostprocessing = 0;
		};
/* End PBXResourcesBuildPhase section */

/* Begin PBXSourcesBuildPhase section */
		9DEA06562FFD70E900AB854B /* Sources */ = {
			isa = PBXSourcesBuildPhase;
			buildActionMask = 2147483647;
			files = (
			);
			runOnlyForDeploymentPostprocessing = 0;
		};
		9DEA06632FFD70EA00AB854B /* Sources */ = {
			isa = PBXSourcesBuildPhase;
			buildActionMask = 2147483647;
			files = (
			);
			runOnlyForDeploymentPostprocessing = 0;
		};
		9DEA066D2FFD70EA00AB854B /* Sources */ = {
			isa = PBXSourcesBuildPhase;
			buildActionMask = 2147483647;
			files = (
			);
			runOnlyForDeploymentPostprocessing = 0;
		};
/* End PBXSourcesBuildPhase section */

/* Begin PBXTargetDependency section */
		9DEA06692FFD70EA00AB854B /* PBXTargetDependency */ = {
			isa = PBXTargetDependency;
			target = 9DEA06592FFD70E900AB854B /* Subshot */;
			targetProxy = 9DEA06682FFD70EA00AB854B /* PBXContainerItemProxy */;
		};
		9DEA06732FFD70EA00AB854B /* PBXTargetDependency */ = {
			isa = PBXTargetDependency;
			target = 9DEA06592FFD70E900AB854B /* Subshot */;
			targetProxy = 9DEA06722FFD70EA00AB854B /* PBXContainerItemProxy */;
		};
/* End PBXTargetDependency section */

/* Begin XCBuildConfiguration section */
		9DEA06792FFD70EA00AB854B /* Debug */ = {
			isa = XCBuildConfiguration;
			buildSettings = {
				ALWAYS_SEARCH_USER_PATHS = NO;
				ASSETCATALOG_COMPILER_GENERATE_SWIFT_ASSET_SYMBOL_EXTENSIONS = YES;
				CLANG_ANALYZER_NONNULL = YES;
				CLANG_ANALYZER_NUMBER_OBJECT_CONVERSION = YES_AGGRESSIVE;
				CLANG_CXX_LANGUAGE_STANDARD = "gnu++20";
				CLANG_ENABLE_MODULES = YES;
				CLANG_ENABLE_OBJC_ARC = YES;
				CLANG_ENABLE_OBJC_WEAK = YES;
				CLANG_WARN_BLOCK_CAPTURE_AUTORELEASING = YES;
				CLANG_WARN_BOOL_CONVERSION = YES;
				CLANG_WARN_COMMA = YES;
				CLANG_WARN_CONSTANT_CONVERSION = YES;
				CLANG_WARN_DEPRECATED_OBJC_IMPLEMENTATIONS = YES;
				CLANG_WARN_DIRECT_OBJC_ISA_USAGE = YES_ERROR;
				CLANG_WARN_DOCUMENTATION_COMMENTS = YES;
				CLANG_WARN_EMPTY_BODY = YES;
				CLANG_WARN_ENUM_CONVERSION = YES;
				CLANG_WARN_INFINITE_RECURSION = YES;
				CLANG_WARN_INT_CONVERSION = YES;
				CLANG_WARN_NON_LITERAL_NULL_CONVERSION = YES;
				CLANG_WARN_OBJC_IMPLICIT_RETAIN_SELF = YES;
				CLANG_WARN_OBJC_LITERAL_CONVERSION = YES;
				CLANG_WARN_OBJC_ROOT_CLASS = YES_ERROR;
				CLANG_WARN_QUOTED_INCLUDE_IN_FRAMEWORK_HEADER = YES;
				CLANG_WARN_RANGE_LOOP_ANALYSIS = YES;
				CLANG_WARN_STRICT_PROTOTYPES = YES;
				CLANG_WARN_SUSPICIOUS_MOVE = YES;
				CLANG_WARN_UNGUARDED_AVAILABILITY = YES_AGGRESSIVE;
				CLANG_WARN_UNREACHABLE_CODE = YES;
				CLANG_WARN__DUPLICATE_METHOD_MATCH = YES;
				COPY_PHASE_STRIP = NO;
				DEBUG_INFORMATION_FORMAT = dwarf;
				DEVELOPMENT_TEAM = 8U22CFDKB8;
				ENABLE_STRICT_OBJC_MSGSEND = YES;
				ENABLE_TESTABILITY = YES;
				ENABLE_USER_SCRIPT_SANDBOXING = YES;
				GCC_C_LANGUAGE_STANDARD = gnu17;
				GCC_DYNAMIC_NO_PIC = NO;
				GCC_NO_COMMON_BLOCKS = YES;
				GCC_OPTIMIZATION_LEVEL = 0;
				GCC_PREPROCESSOR_DEFINITIONS = (
					"DEBUG=1",
					"$(inherited)",
				);
				GCC_WARN_64_TO_32_BIT_CONVERSION = YES;
				GCC_WARN_ABOUT_RETURN_TYPE = YES_ERROR;
				GCC_WARN_UNDECLARED_SELECTOR = YES;
				GCC_WARN_UNINITIALIZED_AUTOS = YES_AGGRESSIVE;
				GCC_WARN_UNUSED_FUNCTION = YES;
				GCC_WARN_UNUSED_VARIABLE = YES;
				IPHONEOS_DEPLOYMENT_TARGET = 26.5;
				LOCALIZATION_PREFERS_STRING_CATALOGS = YES;
				MTL_ENABLE_DEBUG_INFO = INCLUDE_SOURCE;
				MTL_FAST_MATH = YES;
				ONLY_ACTIVE_ARCH = YES;
				SDKROOT = iphoneos;
				SWIFT_ACTIVE_COMPILATION_CONDITIONS = "DEBUG $(inherited)";
				SWIFT_OPTIMIZATION_LEVEL = "-Onone";
			};
			name = Debug;
		};
		9DEA067A2FFD70EA00AB854B /* Release */ = {
			isa = XCBuildConfiguration;
			buildSettings = {
				ALWAYS_SEARCH_USER_PATHS = NO;
				ASSETCATALOG_COMPILER_GENERATE_SWIFT_ASSET_SYMBOL_EXTENSIONS = YES;
				CLANG_ANALYZER_NONNULL = YES;
				CLANG_ANALYZER_NUMBER_OBJECT_CONVERSION = YES_AGGRESSIVE;
				CLANG_CXX_LANGUAGE_STANDARD = "gnu++20";
				CLANG_ENABLE_MODULES = YES;
				CLANG_ENABLE_OBJC_ARC = YES;
				CLANG_ENABLE_OBJC_WEAK = YES;
				CLANG_WARN_BLOCK_CAPTURE_AUTORELEASING = YES;
				CLANG_WARN_BOOL_CONVERSION = YES;
				CLANG_WARN_COMMA = YES;
				CLANG_WARN_CONSTANT_CONVERSION = YES;
				CLANG_WARN_DEPRECATED_OBJC_IMPLEMENTATIONS = YES;
				CLANG_WARN_DIRECT_OBJC_ISA_USAGE = YES_ERROR;
				CLANG_WARN_DOCUMENTATION_COMMENTS = YES;
				CLANG_WARN_EMPTY_BODY = YES;
				CLANG_WARN_ENUM_CONVERSION = YES;
				CLANG_WARN_INFINITE_RECURSION = YES;
				CLANG_WARN_INT_CONVERSION = YES;
				CLANG_WARN_NON_LITERAL_NULL_CONVERSION = YES;
				CLANG_WARN_OBJC_IMPLICIT_RETAIN_SELF = YES;
				CLANG_WARN_OBJC_LITERAL_CONVERSION = YES;
				CLANG_WARN_OBJC_ROOT_CLASS = YES_ERROR;
				CLANG_WARN_QUOTED_INCLUDE_IN_FRAMEWORK_HEADER = YES;
				CLANG_WARN_RANGE_LOOP_ANALYSIS = YES;
				CLANG_WARN_STRICT_PROTOTYPES = YES;
				CLANG_WARN_SUSPICIOUS_MOVE = YES;
				CLANG_WARN_UNGUARDED_AVAILABILITY = YES_AGGRESSIVE;
				CLANG_WARN_UNREACHABLE_CODE = YES;
				CLANG_WARN__DUPLICATE_METHOD_MATCH = YES;
				COPY_PHASE_STRIP = NO;
				DEBUG_INFORMATION_FORMAT = "dwarf-with-dsym";
				DEVELOPMENT_TEAM = 8U22CFDKB8;
				ENABLE_NS_ASSERTIONS = NO;
				ENABLE_STRICT_OBJC_MSGSEND = YES;
				ENABLE_USER_SCRIPT_SANDBOXING = YES;
				GCC_C_LANGUAGE_STANDARD = gnu17;
				GCC_NO_COMMON_BLOCKS = YES;
				GCC_WARN_64_TO_32_BIT_CONVERSION = YES;
				GCC_WARN_ABOUT_RETURN_TYPE = YES_ERROR;
				GCC_WARN_UNDECLARED_SELECTOR = YES;
				GCC_WARN_UNINITIALIZED_AUTOS = YES_AGGRESSIVE;
				GCC_WARN_UNUSED_FUNCTION = YES;
				GCC_WARN_UNUSED_VARIABLE = YES;
				IPHONEOS_DEPLOYMENT_TARGET = 26.5;
				LOCALIZATION_PREFERS_STRING_CATALOGS = YES;
				MTL_ENABLE_DEBUG_INFO = NO;
				MTL_FAST_MATH = YES;
				SDKROOT = iphoneos;
				SWIFT_COMPILATION_MODE = wholemodule;
				VALIDATE_PRODUCT = YES;
			};
			name = Release;
		};
		9DEA067C2FFD70EA00AB854B /* Debug */ = {
			isa = XCBuildConfiguration;
			buildSettings = {
				ASSETCATALOG_COMPILER_APPICON_NAME = AppIcon;
				ASSETCATALOG_COMPILER_GLOBAL_ACCENT_COLOR_NAME = AccentColor;
				CODE_SIGN_STYLE = Automatic;
				CURRENT_PROJECT_VERSION = 1;
				DEVELOPMENT_TEAM = 8U22CFDKB8;
				ENABLE_PREVIEWS = YES;
				GENERATE_INFOPLIST_FILE = YES;
				INFOPLIST_KEY_NSCameraUsageDescription = "Wird benötigt, um Fotos für Szenen und Einstellungen aufzunehmen";
				INFOPLIST_KEY_NSPhotoLibraryAddUsageDescription = "Wird benötigt, um den aktuellen Video-Frame also Foto zu speichern.";
				INFOPLIST_KEY_UIApplicationSceneManifest_Generation = YES;
				INFOPLIST_KEY_UIApplicationSupportsIndirectInputEvents = YES;
				INFOPLIST_KEY_UILaunchScreen_Generation = YES;
				INFOPLIST_KEY_UISupportedInterfaceOrientations_iPad = "UIInterfaceOrientationPortrait UIInterfaceOrientationPortraitUpsideDown UIInterfaceOrientationLandscapeLeft UIInterfaceOrientationLandscapeRight";
				INFOPLIST_KEY_UISupportedInterfaceOrientations_iPhone = "UIInterfaceOrientationPortrait UIInterfaceOrientationLandscapeLeft UIInterfaceOrientationLandscapeRight";
				LD_RUNPATH_SEARCH_PATHS = (
					"$(inherited)",
					"@executable_path/Frameworks",
				);
				MARKETING_VERSION = 1.0;
				PRODUCT_BUNDLE_IDENTIFIER = com.linocappuccino.subshot.Subshot;
				PRODUCT_NAME = "$(TARGET_NAME)";
				STRING_CATALOG_GENERATE_SYMBOLS = YES;
				SWIFT_APPROACHABLE_CONCURRENCY = YES;
				SWIFT_DEFAULT_ACTOR_ISOLATION = MainActor;
				SWIFT_EMIT_LOC_STRINGS = YES;
				SWIFT_UPCOMING_FEATURE_MEMBER_IMPORT_VISIBILITY = YES;
				SWIFT_VERSION = 5.0;
				TARGETED_DEVICE_FAMILY = "1,2";
			};
			name = Debug;
		};
		9DEA067D2FFD70EA00AB854B /* Release */ = {
			isa = XCBuildConfiguration;
			buildSettings = {
				ASSETCATALOG_COMPILER_APPICON_NAME = AppIcon;
				ASSETCATALOG_COMPILER_GLOBAL_ACCENT_COLOR_NAME = AccentColor;
				CODE_SIGN_STYLE = Automatic;
				CURRENT_PROJECT_VERSION = 1;
				DEVELOPMENT_TEAM = 8U22CFDKB8;
				ENABLE_PREVIEWS = YES;
				GENERATE_INFOPLIST_FILE = YES;
				INFOPLIST_KEY_NSCameraUsageDescription = "Wird benötigt, um Fotos für Szenen und Einstellungen aufzunehmen";
				INFOPLIST_KEY_NSPhotoLibraryAddUsageDescription = "Wird benötigt, um den aktuellen Video-Frame also Foto zu speichern.";
				INFOPLIST_KEY_UIApplicationSceneManifest_Generation = YES;
				INFOPLIST_KEY_UIApplicationSupportsIndirectInputEvents = YES;
				INFOPLIST_KEY_UILaunchScreen_Generation = YES;
				INFOPLIST_KEY_UISupportedInterfaceOrientations_iPad = "UIInterfaceOrientationPortrait UIInterfaceOrientationPortraitUpsideDown UIInterfaceOrientationLandscapeLeft UIInterfaceOrientationLandscapeRight";
				INFOPLIST_KEY_UISupportedInterfaceOrientations_iPhone = "UIInterfaceOrientationPortrait UIInterfaceOrientationLandscapeLeft UIInterfaceOrientationLandscapeRight";
				LD_RUNPATH_SEARCH_PATHS = (
					"$(inherited)",
					"@executable_path/Frameworks",
				);
				MARKETING_VERSION = 1.0;
				PRODUCT_BUNDLE_IDENTIFIER = com.linocappuccino.subshot.Subshot;
				PRODUCT_NAME = "$(TARGET_NAME)";
				STRING_CATALOG_GENERATE_SYMBOLS = YES;
				SWIFT_APPROACHABLE_CONCURRENCY = YES;
				SWIFT_DEFAULT_ACTOR_ISOLATION = MainActor;
				SWIFT_EMIT_LOC_STRINGS = YES;
				SWIFT_UPCOMING_FEATURE_MEMBER_IMPORT_VISIBILITY = YES;
				SWIFT_VERSION = 5.0;
				TARGETED_DEVICE_FAMILY = "1,2";
			};
			name = Release;
		};
		9DEA067F2FFD70EA00AB854B /* Debug */ = {
			isa = XCBuildConfiguration;
			buildSettings = {
				BUNDLE_LOADER = "$(TEST_HOST)";
				CODE_SIGN_STYLE = Automatic;
				CURRENT_PROJECT_VERSION = 1;
				DEVELOPMENT_TEAM = 8U22CFDKB8;
				GENERATE_INFOPLIST_FILE = YES;
				IPHONEOS_DEPLOYMENT_TARGET = 26.5;
				MARKETING_VERSION = 1.0;
				PRODUCT_BUNDLE_IDENTIFIER = com.linocappuccino.subshot.SubshotTests;
				PRODUCT_NAME = "$(TARGET_NAME)";
				STRING_CATALOG_GENERATE_SYMBOLS = NO;
				SWIFT_APPROACHABLE_CONCURRENCY = YES;
				SWIFT_EMIT_LOC_STRINGS = NO;
				SWIFT_UPCOMING_FEATURE_MEMBER_IMPORT_VISIBILITY = YES;
				SWIFT_VERSION = 5.0;
				TARGETED_DEVICE_FAMILY = "1,2";
				TEST_HOST = "$(BUILT_PRODUCTS_DIR)/Subshot.app/$(BUNDLE_EXECUTABLE_FOLDER_PATH)/Subshot";
			};
			name = Debug;
		};
		9DEA06802FFD70EA00AB854B /* Release */ = {
			isa = XCBuildConfiguration;
			buildSettings = {
				BUNDLE_LOADER = "$(TEST_HOST)";
				CODE_SIGN_STYLE = Automatic;
				CURRENT_PROJECT_VERSION = 1;
				DEVELOPMENT_TEAM = 8U22CFDKB8;
				GENERATE_INFOPLIST_FILE = YES;
				IPHONEOS_DEPLOYMENT_TARGET = 26.5;
				MARKETING_VERSION = 1.0;
				PRODUCT_BUNDLE_IDENTIFIER = com.linocappuccino.subshot.SubshotTests;
				PRODUCT_NAME = "$(TARGET_NAME)";
				STRING_CATALOG_GENERATE_SYMBOLS = NO;
				SWIFT_APPROACHABLE_CONCURRENCY = YES;
				SWIFT_EMIT_LOC_STRINGS = NO;
				SWIFT_UPCOMING_FEATURE_MEMBER_IMPORT_VISIBILITY = YES;
				SWIFT_VERSION = 5.0;
				TARGETED_DEVICE_FAMILY = "1,2";
				TEST_HOST = "$(BUILT_PRODUCTS_DIR)/Subshot.app/$(BUNDLE_EXECUTABLE_FOLDER_PATH)/Subshot";
			};
			name = Release;
		};
		9DEA06822FFD70EA00AB854B /* Debug */ = {
			isa = XCBuildConfiguration;
			buildSettings = {
				CODE_SIGN_STYLE = Automatic;
				CURRENT_PROJECT_VERSION = 1;
				DEVELOPMENT_TEAM = 8U22CFDKB8;
				GENERATE_INFOPLIST_FILE = YES;
				MARKETING_VERSION = 1.0;
				PRODUCT_BUNDLE_IDENTIFIER = com.linocappuccino.subshot.SubshotUITests;
				PRODUCT_NAME = "$(TARGET_NAME)";
				STRING_CATALOG_GENERATE_SYMBOLS = NO;
				SWIFT_APPROACHABLE_CONCURRENCY = YES;
				SWIFT_EMIT_LOC_STRINGS = NO;
				SWIFT_UPCOMING_FEATURE_MEMBER_IMPORT_VISIBILITY = YES;
				SWIFT_VERSION = 5.0;
				TARGETED_DEVICE_FAMILY = "1,2";
				TEST_TARGET_NAME = Subshot;
			};
			name = Debug;
		};
		9DEA06832FFD70EA00AB854B /* Release */ = {
			isa = XCBuildConfiguration;
			buildSettings = {
				CODE_SIGN_STYLE = Automatic;
				CURRENT_PROJECT_VERSION = 1;
				DEVELOPMENT_TEAM = 8U22CFDKB8;
				GENERATE_INFOPLIST_FILE = YES;
				MARKETING_VERSION = 1.0;
				PRODUCT_BUNDLE_IDENTIFIER = com.linocappuccino.subshot.SubshotUITests;
				PRODUCT_NAME = "$(TARGET_NAME)";
				STRING_CATALOG_GENERATE_SYMBOLS = NO;
				SWIFT_APPROACHABLE_CONCURRENCY = YES;
				SWIFT_EMIT_LOC_STRINGS = NO;
				SWIFT_UPCOMING_FEATURE_MEMBER_IMPORT_VISIBILITY = YES;
				SWIFT_VERSION = 5.0;
				TARGETED_DEVICE_FAMILY = "1,2";
				TEST_TARGET_NAME = Subshot;
			};
			name = Release;
		};
/* End XCBuildConfiguration section */

/* Begin XCConfigurationList section */
		9DEA06552FFD70E900AB854B /* Build configuration list for PBXProject "Subshot" */ = {
			isa = XCConfigurationList;
			buildConfigurations = (
				9DEA06792FFD70EA00AB854B /* Debug */,
				9DEA067A2FFD70EA00AB854B /* Release */,
			);
			defaultConfigurationIsVisible = 0;
			defaultConfigurationName = Release;
		};
		9DEA067B2FFD70EA00AB854B /* Build configuration list for PBXNativeTarget "Subshot" */ = {
			isa = XCConfigurationList;
			buildConfigurations = (
				9DEA067C2FFD70EA00AB854B /* Debug */,
				9DEA067D2FFD70EA00AB854B /* Release */,
			);
			defaultConfigurationIsVisible = 0;
			defaultConfigurationName = Release;
		};
		9DEA067E2FFD70EA00AB854B /* Build configuration list for PBXNativeTarget "SubshotTests" */ = {
			isa = XCConfigurationList;
			buildConfigurations = (
				9DEA067F2FFD70EA00AB854B /* Debug */,
				9DEA06802FFD70EA00AB854B /* Release */,
			);
			defaultConfigurationIsVisible = 0;
			defaultConfigurationName = Release;
		};
		9DEA06812FFD70EA00AB854B /* Build configuration list for PBXNativeTarget "SubshotUITests" */ = {
			isa = XCConfigurationList;
			buildConfigurations = (
				9DEA06822FFD70EA00AB854B /* Debug */,
				9DEA06832FFD70EA00AB854B /* Release */,
			);
			defaultConfigurationIsVisible = 0;
			defaultConfigurationName = Release;
		};
/* End XCConfigurationList section */

/* Begin XCRemoteSwiftPackageReference section */
		9D65C43B3012B97900D56768 /* XCRemoteSwiftPackageReference "sentry-cocoa" */ = {
			isa = XCRemoteSwiftPackageReference;
			repositoryURL = "https://github.com/getsentry/sentry-cocoa";
			requirement = {
				kind = upToNextMajorVersion;
				minimumVersion = 9.23.0;
			};
		};
		9DEA06A22FFD72C400AB854B /* XCRemoteSwiftPackageReference "clerk-ios" */ = {
			isa = XCRemoteSwiftPackageReference;
			repositoryURL = "https://github.com/clerk/clerk-ios";
			requirement = {
				kind = upToNextMajorVersion;
				minimumVersion = 1.2.7;
			};
		};
/* End XCRemoteSwiftPackageReference section */

/* Begin XCSwiftPackageProductDependency section */
		9D65C43D3012BA7600D56768 /* Sentry */ = {
			isa = XCSwiftPackageProductDependency;
			package = 9D65C43B3012B97900D56768 /* XCRemoteSwiftPackageReference "sentry-cocoa" */;
			productName = Sentry;
		};
		9DEA06A32FFD72C400AB854B /* ClerkKit */ = {
			isa = XCSwiftPackageProductDependency;
			package = 9DEA06A22FFD72C400AB854B /* XCRemoteSwiftPackageReference "clerk-ios" */;
			productName = ClerkKit;
		};
		9DEA06A52FFD72C400AB854B /* ClerkKitUI */ = {
			isa = XCSwiftPackageProductDependency;
			package = 9DEA06A22FFD72C400AB854B /* XCRemoteSwiftPackageReference "clerk-ios" */;
			productName = ClerkKitUI;
		};
/* End XCSwiftPackageProductDependency section */
	};
	rootObject = 9DEA06522FFD70E900AB854B /* Project object */;
}
